
Microsoft Visual Studio Solution File, Format Version 12.00
# Visual Studio 15
Project("{FAE04EC0-301F-11D3-BF4B-00C04F79EFBC}") = "Assembly-CSharp", "Assembly-CSharp.csproj", "{A43633AD-99DA-5E8A-D9B7-EE5C4A475714}"
EndProject
Global
	GlobalSection(SolutionConfigurationPlatforms) = preSolution
		Debug|Any CPU = Debug|Any CPU
		Release|Any CPU = Release|Any CPU
	EndGlobalSection
	GlobalSection(ProjectConfigurationPlatforms) = postSolution
		{A43633AD-99DA-5E8A-D9B7-EE5C4A475714}.Debug|Any CPU.ActiveCfg = Debug|Any CPU
		{A43633AD-99DA-5E8A-D9B7-EE5C4A475714}.Debug|Any CPU.Build.0 = Debug|Any CPU
		{A43633AD-99DA-5E8A-D9B7-EE5C4A475714}.Release|Any CPU.ActiveCfg = Release|Any CPU
		{A43633AD-99DA-5E8A-D9B7-EE5C4A475714}.Release|Any CPU.Build.0 = Release|Any CPU
	EndGlobalSection
	GlobalSection(SolutionProperties) = preSolution
		HideSolutionNode = FALSE
	EndGlobalSection
EndGlobal
